
Microsoft Visual Studio Solution File, Format Version 12.00
# Visual Studio Version 16
VisualStudioVersion = 16.0.30523.141
MinimumVisualStudioVersion = 10.0.40219.1
Project("{FAE04EC0-301F-11D3-BF4B-00C04F79EFBC}") = "CongThucNauAn", "CongThucNauAn\CongThucNauAn.csproj", "{EB9D06BF-0934-4FCF-9D6C-38E02A2F7966}"
EndProject
Project("{FAE04EC0-301F-11D3-BF4B-00C04F79EFBC}") = "helperControls", "helperControls\helperControls.csproj", "{8C5EC3D7-9E07-4641-8742-87C065F4B8F9}"
EndProject
Global
	GlobalSection(SolutionConfigurationPlatforms) = preSolution
		Debug|Any CPU = Debug|Any CPU
		Release|Any CPU = Release|Any CPU
	EndGlobalSection
	GlobalSection(ProjectConfigurationPlatforms) = postSolution
		{EB9D06BF-0934-4FCF-9D6C-38E02A2F7966}.Debug|Any CPU.ActiveCfg = Debug|Any CPU
		{EB9D06BF-0934-4FCF-9D6C-38E02A2F7966}.Debug|Any CPU.Build.0 = Debug|Any CPU
		{EB9D06BF-0934-4FCF-9D6C-38E02A2F7966}.Release|Any CPU.ActiveCfg = Release|Any CPU
		{EB9D06BF-0934-4FCF-9D6C-38E02A2F7966}.Release|Any CPU.Build.0 = Release|Any CPU
		{8C5EC3D7-9E07-4641-8742-87C065F4B8F9}.Debug|Any CPU.ActiveCfg = Debug|Any CPU
		{8C5EC3D7-9E07-4641-8742-87C065F4B8F9}.Debug|Any CPU.Build.0 = Debug|Any CPU
		{8C5EC3D7-9E07-4641-8742-87C065F4B8F9}.Release|Any CPU.ActiveCfg = Release|Any CPU
		{8C5EC3D7-9E07-4641-8742-87C065F4B8F9}.Release|Any CPU.Build.0 = Release|Any CPU
	EndGlobalSection
	GlobalSection(SolutionProperties) = preSolution
		HideSolutionNode = FALSE
	EndGlobalSection
	GlobalSection(ExtensibilityGlobals) = postSolution
		SolutionGuid = {8D370280-AF1F-48ED-8B84-45E945D3A49C}
	EndGlobalSection
EndGlobal
